
Microsoft Visual Studio Solution File, Format Version 12.00
Project("{FAE04EC0-301F-11D3-BF4B-00C04F79EFBC}") = "ChessLogic", "ChessLogic\ChessLogic.csproj", "{A2CEA921-910A-4B44-AF9F-7071F76EC066}"
EndProject
Project("{FAE04EC0-301F-11D3-BF4B-00C04F79EFBC}") = "Chess_Frontend_Console", "Chess_Frontend_Console\Chess_Frontend_Console.csproj", "{F182EE50-CE4D-4863-BBF0-EE5A01DC0E79}"
EndProject
Global
	GlobalSection(SolutionConfigurationPlatforms) = preSolution
		Debug|Any CPU = Debug|Any CPU
		Release|Any CPU = Release|Any CPU
	EndGlobalSection
	GlobalSection(ProjectConfigurationPlatforms) = postSolution
		{A2CEA921-910A-4B44-AF9F-7071F76EC066}.Debug|Any CPU.ActiveCfg = Debug|Any CPU
		{A2CEA921-910A-4B44-AF9F-7071F76EC066}.Debug|Any CPU.Build.0 = Debug|Any CPU
		{A2CEA921-910A-4B44-AF9F-7071F76EC066}.Release|Any CPU.ActiveCfg = Release|Any CPU
		{A2CEA921-910A-4B44-AF9F-7071F76EC066}.Release|Any CPU.Build.0 = Release|Any CPU
		{F182EE50-CE4D-4863-BBF0-EE5A01DC0E79}.Debug|Any CPU.ActiveCfg = Debug|Any CPU
		{F182EE50-CE4D-4863-BBF0-EE5A01DC0E79}.Debug|Any CPU.Build.0 = Debug|Any CPU
		{F182EE50-CE4D-4863-BBF0-EE5A01DC0E79}.Release|Any CPU.ActiveCfg = Release|Any CPU
		{F182EE50-CE4D-4863-BBF0-EE5A01DC0E79}.Release|Any CPU.Build.0 = Release|Any CPU
	EndGlobalSection
EndGlobal
