
Microsoft Visual Studio Solution File, Format Version 12.00
Project("{FAE04EC0-301F-11D3-BF4B-00C04F79EFBC}") = "Chess-Frontend-Console", "Chess-Frontend-Console\Chess-Frontend-Console.csproj", "{C6F972ED-17B3-49FD-B883-9B041B976A7D}"
EndProject
Project("{FAE04EC0-301F-11D3-BF4B-00C04F79EFBC}") = "ChessLogic", "..\..\Chess-Backend\Chess-Backend\ChessLogic\ChessLogic.csproj", "{D54ED5E1-CA91-4A59-BCAD-4EE43E30E8B2}"
EndProject
Global
	GlobalSection(SolutionConfigurationPlatforms) = preSolution
		Debug|Any CPU = Debug|Any CPU
		Release|Any CPU = Release|Any CPU
	EndGlobalSection
	GlobalSection(ProjectConfigurationPlatforms) = postSolution
		{C6F972ED-17B3-49FD-B883-9B041B976A7D}.Debug|Any CPU.ActiveCfg = Debug|Any CPU
		{C6F972ED-17B3-49FD-B883-9B041B976A7D}.Debug|Any CPU.Build.0 = Debug|Any CPU
		{C6F972ED-17B3-49FD-B883-9B041B976A7D}.Release|Any CPU.ActiveCfg = Release|Any CPU
		{C6F972ED-17B3-49FD-B883-9B041B976A7D}.Release|Any CPU.Build.0 = Release|Any CPU
		{D54ED5E1-CA91-4A59-BCAD-4EE43E30E8B2}.Debug|Any CPU.ActiveCfg = Debug|Any CPU
		{D54ED5E1-CA91-4A59-BCAD-4EE43E30E8B2}.Debug|Any CPU.Build.0 = Debug|Any CPU
		{D54ED5E1-CA91-4A59-BCAD-4EE43E30E8B2}.Release|Any CPU.ActiveCfg = Release|Any CPU
		{D54ED5E1-CA91-4A59-BCAD-4EE43E30E8B2}.Release|Any CPU.Build.0 = Release|Any CPU
	EndGlobalSection
EndGlobal
